
Microsoft Visual Studio Solution File, Format Version 12.00
# Visual Studio Version 17
VisualStudioVersion = 17.2.32602.215
MinimumVisualStudioVersion = 10.0.40219.1
Project("{9A19103F-16F7-4668-BE54-9A1E7A4F7556}") = "Test", "Test\Test.csproj", "{DF4ED7D5-8FF9-4642-8E74-820DB75184DC}"
EndProject
Project("{9A19103F-16F7-4668-BE54-9A1E7A4F7556}") = "AutoTasker", "AutoTasker\AutoTasker.csproj", "{FF1E4F31-455D-41A5-A20E-C10F9E951CF4}"
EndProject
Project("{9A19103F-16F7-4668-BE54-9A1E7A4F7556}") = "AutoFisher", "AutoFisher\AutoFisher.csproj", "{DA416113-28DE-4A56-9A13-48F8C653F9B7}"
EndProject
Project("{9A19103F-16F7-4668-BE54-9A1E7A4F7556}") = "AutoMiner", "AutoMiner\AutoMiner.csproj", "{6C7014F4-4613-4417-9AF8-E8870C8859F8}"
EndProject
Project("{9A19103F-16F7-4668-BE54-9A1E7A4F7556}") = "WildTimeLapse", "WildTimeLapse\WildTimeLapse.csproj", "{46884CDE-DAD0-42C3-817E-2D5246C3CE5A}"
EndProject
Project("{9A19103F-16F7-4668-BE54-9A1E7A4F7556}") = "CharacterTracker", "CharacterTracker\CharacterTracker.csproj", "{4CAACF92-5D14-455D-964D-5A6B31EA602B}"
EndProject
Project("{9A19103F-16F7-4668-BE54-9A1E7A4F7556}") = "AutoNav", "AutoNav\AutoNav.csproj", "{8133276F-C016-46C3-912B-20C70B63796B}"
EndProject
Project("{FAE04EC0-301F-11D3-BF4B-00C04F79EFBC}") = "User32121Lib", "User32121Lib\User32121Lib.csproj", "{529FF561-0F75-4CA6-9B9E-D200EAB31DD7}"
EndProject
Project("{FAE04EC0-301F-11D3-BF4B-00C04F79EFBC}") = "Test2", "Test2\Test2.csproj", "{FDB15C9B-19AD-4B48-89B1-0442D2F7DAAD}"
EndProject
Global
	GlobalSection(SolutionConfigurationPlatforms) = preSolution
		Debug|Any CPU = Debug|Any CPU
		Release|Any CPU = Release|Any CPU
	EndGlobalSection
	GlobalSection(ProjectConfigurationPlatforms) = postSolution
		{DF4ED7D5-8FF9-4642-8E74-820DB75184DC}.Debug|Any CPU.ActiveCfg = Debug|Any CPU
		{DF4ED7D5-8FF9-4642-8E74-820DB75184DC}.Debug|Any CPU.Build.0 = Debug|Any CPU
		{DF4ED7D5-8FF9-4642-8E74-820DB75184DC}.Release|Any CPU.ActiveCfg = Release|Any CPU
		{DF4ED7D5-8FF9-4642-8E74-820DB75184DC}.Release|Any CPU.Build.0 = Release|Any CPU
		{FF1E4F31-455D-41A5-A20E-C10F9E951CF4}.Debug|Any CPU.ActiveCfg = Debug|Any CPU
		{FF1E4F31-455D-41A5-A20E-C10F9E951CF4}.Debug|Any CPU.Build.0 = Debug|Any CPU
		{FF1E4F31-455D-41A5-A20E-C10F9E951CF4}.Release|Any CPU.ActiveCfg = Release|Any CPU
		{FF1E4F31-455D-41A5-A20E-C10F9E951CF4}.Release|Any CPU.Build.0 = Release|Any CPU
		{DA416113-28DE-4A56-9A13-48F8C653F9B7}.Debug|Any CPU.ActiveCfg = Debug|Any CPU
		{DA416113-28DE-4A56-9A13-48F8C653F9B7}.Debug|Any CPU.Build.0 = Debug|Any CPU
		{DA416113-28DE-4A56-9A13-48F8C653F9B7}.Release|Any CPU.ActiveCfg = Release|Any CPU
		{DA416113-28DE-4A56-9A13-48F8C653F9B7}.Release|Any CPU.Build.0 = Release|Any CPU
		{6C7014F4-4613-4417-9AF8-E8870C8859F8}.Debug|Any CPU.ActiveCfg = Debug|Any CPU
		{6C7014F4-4613-4417-9AF8-E8870C8859F8}.Debug|Any CPU.Build.0 = Debug|Any CPU
		{6C7014F4-4613-4417-9AF8-E8870C8859F8}.Release|Any CPU.ActiveCfg = Release|Any CPU
		{6C7014F4-4613-4417-9AF8-E8870C8859F8}.Release|Any CPU.Build.0 = Release|Any CPU
		{46884CDE-DAD0-42C3-817E-2D5246C3CE5A}.Debug|Any CPU.ActiveCfg = Debug|Any CPU
		{46884CDE-DAD0-42C3-817E-2D5246C3CE5A}.Debug|Any CPU.Build.0 = Debug|Any CPU
		{46884CDE-DAD0-42C3-817E-2D5246C3CE5A}.Release|Any CPU.ActiveCfg = Release|Any CPU
		{46884CDE-DAD0-42C3-817E-2D5246C3CE5A}.Release|Any CPU.Build.0 = Release|Any CPU
		{4CAACF92-5D14-455D-964D-5A6B31EA602B}.Debug|Any CPU.ActiveCfg = Debug|Any CPU
		{4CAACF92-5D14-455D-964D-5A6B31EA602B}.Debug|Any CPU.Build.0 = Debug|Any CPU
		{4CAACF92-5D14-455D-964D-5A6B31EA602B}.Release|Any CPU.ActiveCfg = Release|Any CPU
		{4CAACF92-5D14-455D-964D-5A6B31EA602B}.Release|Any CPU.Build.0 = Release|Any CPU
		{8133276F-C016-46C3-912B-20C70B63796B}.Debug|Any CPU.ActiveCfg = Debug|Any CPU
		{8133276F-C016-46C3-912B-20C70B63796B}.Debug|Any CPU.Build.0 = Debug|Any CPU
		{8133276F-C016-46C3-912B-20C70B63796B}.Release|Any CPU.ActiveCfg = Release|Any CPU
		{8133276F-C016-46C3-912B-20C70B63796B}.Release|Any CPU.Build.0 = Release|Any CPU
		{529FF561-0F75-4CA6-9B9E-D200EAB31DD7}.Debug|Any CPU.ActiveCfg = Debug|Any CPU
		{529FF561-0F75-4CA6-9B9E-D200EAB31DD7}.Debug|Any CPU.Build.0 = Debug|Any CPU
		{529FF561-0F75-4CA6-9B9E-D200EAB31DD7}.Release|Any CPU.ActiveCfg = Release|Any CPU
		{529FF561-0F75-4CA6-9B9E-D200EAB31DD7}.Release|Any CPU.Build.0 = Release|Any CPU
		{FDB15C9B-19AD-4B48-89B1-0442D2F7DAAD}.Debug|Any CPU.ActiveCfg = Debug|Any CPU
		{FDB15C9B-19AD-4B48-89B1-0442D2F7DAAD}.Debug|Any CPU.Build.0 = Debug|Any CPU
		{FDB15C9B-19AD-4B48-89B1-0442D2F7DAAD}.Release|Any CPU.ActiveCfg = Release|Any CPU
		{FDB15C9B-19AD-4B48-89B1-0442D2F7DAAD}.Release|Any CPU.Build.0 = Release|Any CPU
	EndGlobalSection
	GlobalSection(SolutionProperties) = preSolution
		HideSolutionNode = FALSE
	EndGlobalSection
	GlobalSection(ExtensibilityGlobals) = postSolution
		SolutionGuid = {818FAC39-8222-4175-994F-93BB0CE9A69D}
	EndGlobalSection
EndGlobal
